
Microsoft Visual Studio Solution File, Format Version 12.00
# Visual Studio 15
VisualStudioVersion = 15.0.28010.2003
MinimumVisualStudioVersion = 10.0.40219.1
Project("{FAE04EC0-301F-11D3-BF4B-00C04F79EFBC}") = "WebApp1", "WebApp1\WebApp1.csproj", "{4D63D1F2-C877-4B1A-9305-F1E0F0541ED3}"
EndProject
Global
	GlobalSection(SolutionConfigurationPlatforms) = preSolution
		Debug|Any CPU = Debug|Any CPU
		Release|Any CPU = Release|Any CPU
	EndGlobalSection
	GlobalSection(ProjectConfigurationPlatforms) = postSolution
		{4D63D1F2-C877-4B1A-9305-F1E0F0541ED3}.Debug|Any CPU.ActiveCfg = Debug|Any CPU
		{4D63D1F2-C877-4B1A-9305-F1E0F0541ED3}.Debug|Any CPU.Build.0 = Debug|Any CPU
		{4D63D1F2-C877-4B1A-9305-F1E0F0541ED3}.Release|Any CPU.ActiveCfg = Release|Any CPU
		{4D63D1F2-C877-4B1A-9305-F1E0F0541ED3}.Release|Any CPU.Build.0 = Release|Any CPU
	EndGlobalSection
	GlobalSection(SolutionProperties) = preSolution
		HideSolutionNode = FALSE
	EndGlobalSection
	GlobalSection(ExtensibilityGlobals) = postSolution
		SolutionGuid = {A70FBC39-E6FE-4680-9AF2-60B727F1CC01}
	EndGlobalSection
EndGlobal
